// !$*UTF8*$!
{
	archiveVersion = 1;
	classes = {
	};
	objectVersion = 56;
	objects = {

/* Begin PBXBuildFile section */
		CFA9E4E429BFE2350040CFBA /* AssignmentOneApp.swift in Sources */ = {isa = PBXBuildFile; fileRef = CFA9E4E329BFE2350040CFBA /* AssignmentOneApp.swift */; };
		CFA9E4E629BFE2350040CFBA /* ContentView.swift in Sources */ = {isa = PBXBuildFile; fileRef = CFA9E4E529BFE2350040CFBA /* ContentView.swift */; };
		CFA9E4E829BFE2360040CFBA /* Assets.xcassets in Resources */ = {isa = PBXBuildFile; fileRef = CFA9E4E729BFE2360040CFBA /* Assets.xcassets */; };
		CFA9E4EB29BFE2360040CFBA /* Preview Assets.xcassets in Resources */ = {isa = PBXBuildFile; fileRef = CFA9E4EA29BFE2360040CFBA /* Preview Assets.xcassets */; };
		CFA9E4F529BFE2360040CFBA /* AssignmentOneTests.swift in Sources */ = {isa = PBXBuildFile; fileRef = CFA9E4F429BFE2360040CFBA /* AssignmentOneTests.swift */; };
		CFA9E4FF29BFE2360040CFBA /* AssignmentOneUITests.swift in Sources */ = {isa = PBXBuildFile; fileRef = CFA9E4FE29BFE2360040CFBA /* AssignmentOneUITests.swift */; };
		CFA9E50129BFE2360040CFBA /* AssignmentOneUITestsLaunchTests.swift in Sources */ = {isa = PBXBuildFile; fileRef = CFA9E50029BFE2360040CFBA /* AssignmentOneUITestsLaunchTests.swift */; };
		CFC07F3429C2B42100432EC7 /* readme.md in Resources */ = {isa = PBXBuildFile; fileRef = CFC07F3329C2B42100432EC7 /* readme.md */; };
/* End PBXBuildFile section */

/* Begin PBXContainerItemProxy section */
		CFA9E4F129BFE2360040CFBA /* PBXContainerItemProxy */ = {
			isa = PBXContainerItemProxy;
			containerPortal = CFA9E4D829BFE2350040CFBA /* Project object */;
			proxyType = 1;
			remoteGlobalIDString = CFA9E4DF29BFE2350040CFBA;
			remoteInfo = AssignmentOne;
		};
		CFA9E4FB29BFE2360040CFBA /* PBXContainerItemProxy */ = {
			isa = PBXContainerItemProxy;
			containerPortal = CFA9E4D829BFE2350040CFBA /* Project object */;
			proxyType = 1;
			remoteGlobalIDString = CFA9E4DF29BFE2350040CFBA;
			remoteInfo = AssignmentOne;
		};
/* End PBXContainerItemProxy section */

/* Begin PBXFileReference section */
		CFA9E4E029BFE2350040CFBA /* AssignmentOne.app */ = {isa = PBXFileReference; explicitFileType = wrapper.application; includeInIndex = 0; path = AssignmentOne.app; sourceTree = BUILT_PRODUCTS_DIR; };
		CFA9E4E329BFE2350040CFBA /* AssignmentOneApp.swift */ = {isa = PBXFileReference; lastKnownFileType = sourcecode.swift; path = AssignmentOneApp.swift; sourceTree = "<group>"; };
		CFA9E4E529BFE2350040CFBA /* ContentView.swift */ = {isa = PBXFileReference; lastKnownFileType = sourcecode.swift; path = ContentView.swift; sourceTree = "<group>"; };
		CFA9E4E729BFE2360040CFBA /* Assets.xcassets */ = {isa = PBXFileReference; lastKnownFileType = folder.assetcatalog; path = Assets.xcassets; sourceTree = "<group>"; };
		CFA9E4EA29BFE2360040CFBA /* Preview Assets.xcassets */ = {isa = PBXFileReference; lastKnownFileType = folder.assetcatalog; path = "Preview Assets.xcassets"; sourceTree = "<group>"; };
		CFA9E4F029BFE2360040CFBA /* AssignmentOneTests.xctest */ = {isa = PBXFileReference; explicitFileType = wrapper.cfbundle; includeInIndex = 0; path = AssignmentOneTests.xctest; sourceTree = BUILT_PRODUCTS_DIR; };
		CFA9E4F429BFE2360040CFBA /* AssignmentOneTests.swift */ = {isa = PBXFileReference; lastKnownFileType = sourcecode.swift; path = AssignmentOneTests.swift; sourceTree = "<group>"; };
		CFA9E4FA29BFE2360040CFBA /* AssignmentOneUITests.xctest */ = {isa = PBXFileReference; explicitFileType = wrapper.cfbundle; includeInIndex = 0; path = AssignmentOneUITests.xctest; sourceTree = BUILT_PRODUCTS_DIR; };
		CFA9E4FE29BFE2360040CFBA /* AssignmentOneUITests.swift */ = {isa = PBXFileReference; lastKnownFileType = sourcecode.swift; path = AssignmentOneUITests.swift; sourceTree = "<group>"; };
		CFA9E50029BFE2360040CFBA /* AssignmentOneUITestsLaunchTests.swift */ = {isa = PBXFileReference; lastKnownFileType = sourcecode.swift; path = AssignmentOneUITestsLaunchTests.swift; sourceTree = "<group>"; };
		CFC07F3329C2B42100432EC7 /* readme.md */ = {isa = PBXFileReference; fileEncoding = 4; lastKnownFileType = net.daringfireball.markdown; name = readme.md; path = ../readme.md; sourceTree = "<group>"; };
/* End PBXFileReference section */

/* Begin PBXFrameworksBuildPhase section */
		CFA9E4DD29BFE2350040CFBA /* Frameworks */ = {
			isa = PBXFrameworksBuildPhase;
			buildActionMask = 2147483647;
			files = (
			);
			runOnlyForDeploymentPostprocessing = 0;
		};
		CFA9E4ED29BFE2360040CFBA /* Frameworks */ = {
			isa = PBXFrameworksBuildPhase;
			buildActionMask = 2147483647;
			files = (
			);
			runOnlyForDeploymentPostprocessing = 0;
		};
		CFA9E4F729BFE2360040CFBA /* Frameworks */ = {
			isa = PBXFrameworksBuildPhase;
			buildActionMask = 2147483647;
			files = (
			);
			runOnlyForDeploymentPostprocessing = 0;
		};
/* End PBXFrameworksBuildPhase section */

/* Begin PBXGroup section */
		CFA9E4D729BFE2350040CFBA = {
			isa = PBXGroup;
			children = (
				CFC07F3329C2B42100432EC7 /* readme.md */,
				CFA9E4E229BFE2350040CFBA /* AssignmentOne */,
				CFA9E4F329BFE2360040CFBA /* AssignmentOneTests */,
				CFA9E4FD29BFE2360040CFBA /* AssignmentOneUITests */,
				CFA9E4E129BFE2350040CFBA /* Products */,
			);
			sourceTree = "<group>";
		};
		CFA9E4E129BFE2350040CFBA /* Products */ = {
			isa = PBXGroup;
			children = (
				CFA9E4E029BFE2350040CFBA /* AssignmentOne.app */,
				CFA9E4F029BFE2360040CFBA /* AssignmentOneTests.xctest */,
				CFA9E4FA29BFE2360040CFBA /* AssignmentOneUITests.xctest */,
			);
			name = Products;
			sourceTree = "<group>";
		};
		CFA9E4E229BFE2350040CFBA /* AssignmentOne */ = {
			isa = PBXGroup;
			children = (
				CFA9E4E329BFE2350040CFBA /* AssignmentOneApp.swift */,
				CFA9E4E529BFE2350040CFBA /* ContentView.swift */,
				CFA9E4E729BFE2360040CFBA /* Assets.xcassets */,
				CFA9E4E929BFE2360040CFBA /* Preview Content */,
			);
			path = AssignmentOne;
			sourceTree = "<group>";
		};
		CFA9E4E929BFE2360040CFBA /* Preview Content */ = {
			isa = PBXGroup;
			children = (
				CFA9E4EA29BFE2360040CFBA /* Preview Assets.xcassets */,
			);
			path = "Preview Content";
			sourceTree = "<group>";
		};
		CFA9E4F329BFE2360040CFBA /* AssignmentOneTests */ = {
			isa = PBXGroup;
			children = (
				CFA9E4F429BFE2360040CFBA /* AssignmentOneTests.swift */,
			);
			path = AssignmentOneTests;
			sourceTree = "<group>";
		};
		CFA9E4FD29BFE2360040CFBA /* AssignmentOneUITests */ = {
			isa = PBXGroup;
			children = (
				CFA9E4FE29BFE2360040CFBA /* AssignmentOneUITests.swift */,
				CFA9E50029BFE2360040CFBA /* AssignmentOneUITestsLaunchTests.swift */,
			);
			path = AssignmentOneUITests;
			sourceTree = "<group>";
		};
/* End PBXGroup section */

/* Begin PBXNativeTarget section */
		CFA9E4DF29BFE2350040CFBA /* AssignmentOne */ = {
			isa = PBXNativeTarget;
			buildConfigurationList = CFA9E50429BFE2360040CFBA /* Build configuration list for PBXNativeTarget "AssignmentOne" */;
			buildPhases = (
				CFA9E4DC29BFE2350040CFBA /* Sources */,
				CFA9E4DD29BFE2350040CFBA /* Frameworks */,
				CFA9E4DE29BFE2350040CFBA /* Resources */,
			);
			buildRules = (
			);
			dependencies = (
			);
			name = AssignmentOne;
			productName = AssignmentOne;
			productReference = CFA9E4E029BFE2350040CFBA /* AssignmentOne.app */;
			productType = "com.apple.product-type.application";
		};
		CFA9E4EF29BFE2360040CFBA /* AssignmentOneTests */ = {
			isa = PBXNativeTarget;
			buildConfigurationList = CFA9E50729BFE2360040CFBA /* Build configuration list for PBXNativeTarget "AssignmentOneTests" */;
			buildPhases = (
				CFA9E4EC29BFE2360040CFBA /* Sources */,
				CFA9E4ED29BFE2360040CFBA /* Frameworks */,
				CFA9E4EE29BFE2360040CFBA /* Resources */,
			);
			buildRules = (
			);
			dependencies = (
				CFA9E4F229BFE2360040CFBA /* PBXTargetDependency */,
			);
			name = AssignmentOneTests;
			productName = AssignmentOneTests;
			productReference = CFA9E4F029BFE2360040CFBA /* AssignmentOneTests.xctest */;
			productType = "com.apple.product-type.bundle.unit-test";
		};
		CFA9E4F929BFE2360040CFBA /* AssignmentOneUITests */ = {
			isa = PBXNativeTarget;
			buildConfigurationList = CFA9E50A29BFE2360040CFBA /* Build configuration list for PBXNativeTarget "AssignmentOneUITests" */;
			buildPhases = (
				CFA9E4F629BFE2360040CFBA /* Sources */,
				CFA9E4F729BFE2360040CFBA /* Frameworks */,
				CFA9E4F829BFE2360040CFBA /* Resources */,
			);
			buildRules = (
			);
			dependencies = (
				CFA9E4FC29BFE2360040CFBA /* PBXTargetDependency */,
			);
			name = AssignmentOneUITests;
			productName = AssignmentOneUITests;
			productReference = CFA9E4FA29BFE2360040CFBA /* AssignmentOneUITests.xctest */;
			productType = "com.apple.product-type.bundle.ui-testing";
		};
/* End PBXNativeTarget section */

/* Begin PBXProject section */
		CFA9E4D829BFE2350040CFBA /* Project object */ = {
			isa = PBXProject;
			attributes = {
				BuildIndependentTargetsInParallel = 1;
				LastSwiftUpdateCheck = 1420;
				LastUpgradeCheck = 1420;
				TargetAttributes = {
					CFA9E4DF29BFE2350040CFBA = {
						CreatedOnToolsVersion = 14.2;
					};
					CFA9E4EF29BFE2360040CFBA = {
						CreatedOnToolsVersion = 14.2;
						TestTargetID = CFA9E4DF29BFE2350040CFBA;
					};
					CFA9E4F929BFE2360040CFBA = {
						CreatedOnToolsVersion = 14.2;
						TestTargetID = CFA9E4DF29BFE2350040CFBA;
					};
				};
			};
			buildConfigurationList = CFA9E4DB29BFE2350040CFBA /* Build configuration list for PBXProject "AssignmentOne" */;
			compatibilityVersion = "Xcode 14.0";
			developmentRegion = en;
			hasScannedForEncodings = 0;
			knownRegions = (
				en,
				Base,
			);
			mainGroup = CFA9E4D729BFE2350040CFBA;
			productRefGroup = CFA9E4E129BFE2350040CFBA /* Products */;
			projectDirPath = "";
			projectRoot = "";
			targets = (
				CFA9E4DF29BFE2350040CFBA /* AssignmentOne */,
				CFA9E4EF29BFE2360040CFBA /* AssignmentOneTests */,
				CFA9E4F929BFE2360040CFBA /* AssignmentOneUITests */,
			);
		};
/* End PBXProject section */

/* Begin PBXResourcesBuildPhase section */
		CFA9E4DE29BFE2350040CFBA /* Resources */ = {
			isa = PBXResourcesBuildPhase;
			buildActionMask = 2147483647;
			files = (
				CFA9E4EB29BFE2360040CFBA /* Preview Assets.xcassets in Resources */,
				CFC07F3429C2B42100432EC7 /* readme.md in Resources */,
				CFA9E4E829BFE2360040CFBA /* Assets.xcassets in Resources */,
			);
			runOnlyForDeploymentPostprocessing = 0;
		};
		CFA9E4EE29BFE2360040CFBA /* Resources */ = {
			isa = PBXResourcesBuildPhase;
			buildActionMask = 2147483647;
			files = (
			);
			runOnlyForDeploymentPostprocessing = 0;
		};
		CFA9E4F829BFE2360040CFBA /* Resources */ = {
			isa = PBXResourcesBuildPhase;
			buildActionMask = 2147483647;
			files = (
			);
			runOnlyForDeploymentPostprocessing = 0;
		};
/* End PBXResourcesBuildPhase section */

/* Begin PBXSourcesBuildPhase section */
		CFA9E4DC29BFE2350040CFBA /* Sources */ = {
			isa = PBXSourcesBuildPhase;
			buildActionMask = 2147483647;
			files = (
				CFA9E4E629BFE2350040CFBA /* ContentView.swift in Sources */,
				CFA9E4E429BFE2350040CFBA /* AssignmentOneApp.swift in Sources */,
			);
			runOnlyForDeploymentPostprocessing = 0;
		};
		CFA9E4EC29BFE2360040CFBA /* Sources */ = {
			isa = PBXSourcesBuildPhase;
			buildActionMask = 2147483647;
			files = (
				CFA9E4F529BFE2360040CFBA /* AssignmentOneTests.swift in Sources */,
			);
			runOnlyForDeploymentPostprocessing = 0;
		};
		CFA9E4F629BFE2360040CFBA /* Sources */ = {
			isa = PBXSourcesBuildPhase;
			buildActionMask = 2147483647;
			files = (
				CFA9E50129BFE2360040CFBA /* AssignmentOneUITestsLaunchTests.swift in Sources */,
				CFA9E4FF29BFE2360040CFBA /* AssignmentOneUITests.swift in Sources */,
			);
			runOnlyForDeploymentPostprocessing = 0;
		};
/* End PBXSourcesBuildPhase section */

/* Begin PBXTargetDependency section */
		CFA9E4F229BFE2360040CFBA /* PBXTargetDependency */ = {
			isa = PBXTargetDependency;
			target = CFA9E4DF29BFE2350040CFBA /* AssignmentOne */;
			targetProxy = CFA9E4F129BFE2360040CFBA /* PBXContainerItemProxy */;
		};
		CFA9E4FC29BFE2360040CFBA /* PBXTargetDependency */ = {
			isa = PBXTargetDependency;
			target = CFA9E4DF29BFE2350040CFBA /* AssignmentOne */;
			targetProxy = CFA9E4FB29BFE2360040CFBA /* PBXContainerItemProxy */;
		};
/* End PBXTargetDependency section */

/* Begin XCBuildConfiguration section */
		CFA9E50229BFE2360040CFBA /* Debug */ = {
			isa = XCBuildConfiguration;
			buildSettings = {
				ALWAYS_SEARCH_USER_PATHS = NO;
				CLANG_ANALYZER_NONNULL = YES;
				CLANG_ANALYZER_NUMBER_OBJECT_CONVERSION = YES_AGGRESSIVE;
				CLANG_CXX_LANGUAGE_STANDARD = "gnu++20";
				CLANG_ENABLE_MODULES = YES;
				CLANG_ENABLE_OBJC_ARC = YES;
				CLANG_ENABLE_OBJC_WEAK = YES;
				CLANG_WARN_BLOCK_CAPTURE_AUTORELEASING = YES;
				CLANG_WARN_BOOL_CONVERSION = YES;
				CLANG_WARN_COMMA = YES;
				CLANG_WARN_CONSTANT_CONVERSION = YES;
				CLANG_WARN_DEPRECATED_OBJC_IMPLEMENTATIONS = YES;
				CLANG_WARN_DIRECT_OBJC_ISA_USAGE = YES_ERROR;
				CLANG_WARN_DOCUMENTATION_COMMENTS = YES;
				CLANG_WARN_EMPTY_BODY = YES;
				CLANG_WARN_ENUM_CONVERSION = YES;
				CLANG_WARN_INFINITE_RECURSION = YES;
				CLANG_WARN_INT_CONVERSION = YES;
				CLANG_WARN_NON_LITERAL_NULL_CONVERSION = YES;
				CLANG_WARN_OBJC_IMPLICIT_RETAIN_SELF = YES;
				CLANG_WARN_OBJC_LITERAL_CONVERSION = YES;
				CLANG_WARN_OBJC_ROOT_CLASS = YES_ERROR;
				CLANG_WARN_QUOTED_INCLUDE_IN_FRAMEWORK_HEADER = YES;
				CLANG_WARN_RANGE_LOOP_ANALYSIS = YES;
				CLANG_WARN_STRICT_PROTOTYPES = YES;
				CLANG_WARN_SUSPICIOUS_MOVE = YES;
				CLANG_WARN_UNGUARDED_AVAILABILITY = YES_AGGRESSIVE;
				CLANG_WARN_UNREACHABLE_CODE = YES;
				CLANG_WARN__DUPLICATE_METHOD_MATCH = YES;
				COPY_PHASE_STRIP = NO;
				DEBUG_INFORMATION_FORMAT = dwarf;
				ENABLE_STRICT_OBJC_MSGSEND = YES;
				ENABLE_TESTABILITY = YES;
				GCC_C_LANGUAGE_STANDARD = gnu11;
				GCC_DYNAMIC_NO_PIC = NO;
				GCC_NO_COMMON_BLOCKS = YES;
				GCC_OPTIMIZATION_LEVEL = 0;
				GCC_PREPROCESSOR_DEFINITIONS = (
					"DEBUG=1",
					"$(inherited)",
				);
				GCC_WARN_64_TO_32_BIT_CONVERSION = YES;
				GCC_WARN_ABOUT_RETURN_TYPE = YES_ERROR;
				GCC_WARN_UNDECLARED_SELECTOR = YES;
				GCC_WARN_UNINITIALIZED_AUTOS = YES_AGGRESSIVE;
				GCC_WARN_UNUSED_FUNCTION = YES;
				GCC_WARN_UNUSED_VARIABLE = YES;
				IPHONEOS_DEPLOYMENT_TARGET = 16.2;
				MTL_ENABLE_DEBUG_INFO = INCLUDE_SOURCE;
				MTL_FAST_MATH = YES;
				ONLY_ACTIVE_ARCH = YES;
				SDKROOT = iphoneos;
				SWIFT_ACTIVE_COMPILATION_CONDITIONS = DEBUG;
				SWIFT_OPTIMIZATION_LEVEL = "-Onone";
			};
			name = Debug;
		};
		CFA9E50329BFE2360040CFBA /* Release */ = {
			isa = XCBuildConfiguration;
			buildSettings = {
				ALWAYS_SEARCH_USER_PATHS = NO;
				CLANG_ANALYZER_NONNULL = YES;
				CLANG_ANALYZER_NUMBER_OBJECT_CONVERSION = YES_AGGRESSIVE;
				CLANG_CXX_LANGUAGE_STANDARD = "gnu++20";
				CLANG_ENABLE_MODULES = YES;
				CLANG_ENABLE_OBJC_ARC = YES;
				CLANG_ENABLE_OBJC_WEAK = YES;
				CLANG_WARN_BLOCK_CAPTURE_AUTORELEASING = YES;
				CLANG_WARN_BOOL_CONVERSION = YES;
				CLANG_WARN_COMMA = YES;
				CLANG_WARN_CONSTANT_CONVERSION = YES;
				CLANG_WARN_DEPRECATED_OBJC_IMPLEMENTATIONS = YES;
				CLANG_WARN_DIRECT_OBJC_ISA_USAGE = YES_ERROR;
				CLANG_WARN_DOCUMENTATION_COMMENTS = YES;
				CLANG_WARN_EMPTY_BODY = YES;
				CLANG_WARN_ENUM_CONVERSION = YES;
				CLANG_WARN_INFINITE_RECURSION = YES;
				CLANG_WARN_INT_CONVERSION = YES;
				CLANG_WARN_NON_LITERAL_NULL_CONVERSION = YES;
				CLANG_WARN_OBJC_IMPLICIT_RETAIN_SELF = YES;
				CLANG_WARN_OBJC_LITERAL_CONVERSION = YES;
				CLANG_WARN_OBJC_ROOT_CLASS = YES_ERROR;
				CLANG_WARN_QUOTED_INCLUDE_IN_FRAMEWORK_HEADER = YES;
				CLANG_WARN_RANGE_LOOP_ANALYSIS = YES;
				CLANG_WARN_STRICT_PROTOTYPES = YES;
				CLANG_WARN_SUSPICIOUS_MOVE = YES;
				CLANG_WARN_UNGUARDED_AVAILABILITY = YES_AGGRESSIVE;
				CLANG_WARN_UNREACHABLE_CODE = YES;
				CLANG_WARN__DUPLICATE_METHOD_MATCH = YES;
				COPY_PHASE_STRIP = NO;
				DEBUG_INFORMATION_FORMAT = "dwarf-with-dsym";
				ENABLE_NS_ASSERTIONS = NO;
				ENABLE_STRICT_OBJC_MSGSEND = YES;
				GCC_C_LANGUAGE_STANDARD = gnu11;
				GCC_NO_COMMON_BLOCKS = YES;
				GCC_WARN_64_TO_32_BIT_CONVERSION = YES;
				GCC_WARN_ABOUT_RETURN_TYPE = YES_ERROR;
				GCC_WARN_UNDECLARED_SELECTOR = YES;
				GCC_WARN_UNINITIALIZED_AUTOS = YES_AGGRESSIVE;
				GCC_WARN_UNUSED_FUNCTION = YES;
				GCC_WARN_UNUSED_VARIABLE = YES;
				IPHONEOS_DEPLOYMENT_TARGET = 16.2;
				MTL_ENABLE_DEBUG_INFO = NO;
				MTL_FAST_MATH = YES;
				SDKROOT = iphoneos;
				SWIFT_COMPILATION_MODE = wholemodule;
				SWIFT_OPTIMIZATION_LEVEL = "-O";
				VALIDATE_PRODUCT = YES;
			};
			name = Release;
		};
		CFA9E50529BFE2360040CFBA /* Debug */ = {
			isa = XCBuildConfiguration;
			buildSettings = {
				ASSETCATALOG_COMPILER_APPICON_NAME = AppIcon;
				ASSETCATALOG_COMPILER_GLOBAL_ACCENT_COLOR_NAME = AccentColor;
				CODE_SIGN_STYLE = Automatic;
				CURRENT_PROJECT_VERSION = 1;
				DEVELOPMENT_ASSET_PATHS = "\"AssignmentOne/Preview Content\"";
				ENABLE_PREVIEWS = YES;
				GENERATE_INFOPLIST_FILE = YES;
				INFOPLIST_KEY_UIApplicationSceneManifest_Generation = YES;
				INFOPLIST_KEY_UIApplicationSupportsIndirectInputEvents = YES;
				INFOPLIST_KEY_UILaunchScreen_Generation = YES;
				INFOPLIST_KEY_UISupportedInterfaceOrientations_iPad = "UIInterfaceOrientationPortrait UIInterfaceOrientationPortraitUpsideDown UIInterfaceOrientationLandscapeLeft UIInterfaceOrientationLandscapeRight";
				INFOPLIST_KEY_UISupportedInterfaceOrientations_iPhone = "UIInterfaceOrientationPortrait UIInterfaceOrientationLandscapeLeft UIInterfaceOrientationLandscapeRight";
				LD_RUNPATH_SEARCH_PATHS = (
					"$(inherited)",
					"@executable_path/Frameworks",
				);
				MARKETING_VERSION = 1.0;
				PRODUCT_BUNDLE_IDENTIFIER = "Griffith-Uni.AssignmentOne";
				PRODUCT_NAME = "$(TARGET_NAME)";
				SWIFT_EMIT_LOC_STRINGS = YES;
				SWIFT_VERSION = 5.0;
				TARGETED_DEVICE_FAMILY = "1,2";
			};
			name = Debug;
		};
		CFA9E50629BFE2360040CFBA /* Release */ = {
			isa = XCBuildConfiguration;
			buildSettings = {
				ASSETCATALOG_COMPILER_APPICON_NAME = AppIcon;
				ASSETCATALOG_COMPILER_GLOBAL_ACCENT_COLOR_NAME = AccentColor;
				CODE_SIGN_STYLE = Automatic;
				CURRENT_PROJECT_VERSION = 1;
				DEVELOPMENT_ASSET_PATHS = "\"AssignmentOne/Preview Content\"";
				ENABLE_PREVIEWS = YES;
				GENERATE_INFOPLIST_FILE = YES;
				INFOPLIST_KEY_UIApplicationSceneManifest_Generation = YES;
				INFOPLIST_KEY_UIApplicationSupportsIndirectInputEvents = YES;
				INFOPLIST_KEY_UILaunchScreen_Generation = YES;
				INFOPLIST_KEY_UISupportedInterfaceOrientations_iPad = "UIInterfaceOrientationPortrait UIInterfaceOrientationPortraitUpsideDown UIInterfaceOrientationLandscapeLeft UIInterfaceOrientationLandscapeRight";
				INFOPLIST_KEY_UISupportedInterfaceOrientations_iPhone = "UIInterfaceOrientationPortrait UIInterfaceOrientationLandscapeLeft UIInterfaceOrientationLandscapeRight";
				LD_RUNPATH_SEARCH_PATHS = (
					"$(inherited)",
					"@executable_path/Frameworks",
				);
				MARKETING_VERSION = 1.0;
				PRODUCT_BUNDLE_IDENTIFIER = "Griffith-Uni.AssignmentOne";
				PRODUCT_NAME = "$(TARGET_NAME)";
				SWIFT_EMIT_LOC_STRINGS = YES;
				SWIFT_VERSION = 5.0;
				TARGETED_DEVICE_FAMILY = "1,2";
			};
			name = Release;
		};
		CFA9E50829BFE2360040CFBA /* Debug */ = {
			isa = XCBuildConfiguration;
			buildSettings = {
				ALWAYS_EMBED_SWIFT_STANDARD_LIBRARIES = YES;
				BUNDLE_LOADER = "$(TEST_HOST)";
				CODE_SIGN_STYLE = Automatic;
				CURRENT_PROJECT_VERSION = 1;
				GENERATE_INFOPLIST_FILE = YES;
				IPHONEOS_DEPLOYMENT_TARGET = 16.2;
				MARKETING_VERSION = 1.0;
				PRODUCT_BUNDLE_IDENTIFIER = "Griffith-Uni.AssignmentOneTests";
				PRODUCT_NAME = "$(TARGET_NAME)";
				SWIFT_EMIT_LOC_STRINGS = NO;
				SWIFT_VERSION = 5.0;
				TARGETED_DEVICE_FAMILY = "1,2";
				TEST_HOST = "$(BUILT_PRODUCTS_DIR)/AssignmentOne.app/$(BUNDLE_EXECUTABLE_FOLDER_PATH)/AssignmentOne";
			};
			name = Debug;
		};
		CFA9E50929BFE2360040CFBA /* Release */ = {
			isa = XCBuildConfiguration;
			buildSettings = {
				ALWAYS_EMBED_SWIFT_STANDARD_LIBRARIES = YES;
				BUNDLE_LOADER = "$(TEST_HOST)";
				CODE_SIGN_STYLE = Automatic;
				CURRENT_PROJECT_VERSION = 1;
				GENERATE_INFOPLIST_FILE = YES;
				IPHONEOS_DEPLOYMENT_TARGET = 16.2;
				MARKETING_VERSION = 1.0;
				PRODUCT_BUNDLE_IDENTIFIER = "Griffith-Uni.AssignmentOneTests";
				PRODUCT_NAME = "$(TARGET_NAME)";
				SWIFT_EMIT_LOC_STRINGS = NO;
				SWIFT_VERSION = 5.0;
				TARGETED_DEVICE_FAMILY = "1,2";
				TEST_HOST = "$(BUILT_PRODUCTS_DIR)/AssignmentOne.app/$(BUNDLE_EXECUTABLE_FOLDER_PATH)/AssignmentOne";
			};
			name = Release;
		};
		CFA9E50B29BFE2360040CFBA /* Debug */ = {
			isa = XCBuildConfiguration;
			buildSettings = {
				ALWAYS_EMBED_SWIFT_STANDARD_LIBRARIES = YES;
				CODE_SIGN_STYLE = Automatic;
				CURRENT_PROJECT_VERSION = 1;
				GENERATE_INFOPLIST_FILE = YES;
				MARKETING_VERSION = 1.0;
				PRODUCT_BUNDLE_IDENTIFIER = "Griffith-Uni.AssignmentOneUITests";
				PRODUCT_NAME = "$(TARGET_NAME)";
				SWIFT_EMIT_LOC_STRINGS = NO;
				SWIFT_VERSION = 5.0;
				TARGETED_DEVICE_FAMILY = "1,2";
				TEST_TARGET_NAME = AssignmentOne;
			};
			name = Debug;
		};
		CFA9E50C29BFE2360040CFBA /* Release */ = {
			isa = XCBuildConfiguration;
			buildSettings = {
				ALWAYS_EMBED_SWIFT_STANDARD_LIBRARIES = YES;
				CODE_SIGN_STYLE = Automatic;
				CURRENT_PROJECT_VERSION = 1;
				GENERATE_INFOPLIST_FILE = YES;
				MARKETING_VERSION = 1.0;
				PRODUCT_BUNDLE_IDENTIFIER = "Griffith-Uni.AssignmentOneUITests";
				PRODUCT_NAME = "$(TARGET_NAME)";
				SWIFT_EMIT_LOC_STRINGS = NO;
				SWIFT_VERSION = 5.0;
				TARGETED_DEVICE_FAMILY = "1,2";
				TEST_TARGET_NAME = AssignmentOne;
			};
			name = Release;
		};
/* End XCBuildConfiguration section */

/* Begin XCConfigurationList section */
		CFA9E4DB29BFE2350040CFBA /* Build configuration list for PBXProject "AssignmentOne" */ = {
			isa = XCConfigurationList;
			buildConfigurations = (
				CFA9E50229BFE2360040CFBA /* Debug */,
				CFA9E50329BFE2360040CFBA /* Release */,
			);
			defaultConfigurationIsVisible = 0;
			defaultConfigurationName = Release;
		};
		CFA9E50429BFE2360040CFBA /* Build configuration list for PBXNativeTarget "AssignmentOne" */ = {
			isa = XCConfigurationList;
			buildConfigurations = (
				CFA9E50529BFE2360040CFBA /* Debug */,
				CFA9E50629BFE2360040CFBA /* Release */,
			);
			defaultConfigurationIsVisible = 0;
			defaultConfigurationName = Release;
		};
		CFA9E50729BFE2360040CFBA /* Build configuration list for PBXNativeTarget "AssignmentOneTests" */ = {
			isa = XCConfigurationList;
			buildConfigurations = (
				CFA9E50829BFE2360040CFBA /* Debug */,
				CFA9E50929BFE2360040CFBA /* Release */,
			);
			defaultConfigurationIsVisible = 0;
			defaultConfigurationName = Release;
		};
		CFA9E50A29BFE2360040CFBA /* Build configuration list for PBXNativeTarget "AssignmentOneUITests" */ = {
			isa = XCConfigurationList;
			buildConfigurations = (
				CFA9E50B29BFE2360040CFBA /* Debug */,
				CFA9E50C29BFE2360040CFBA /* Release */,
			);
			defaultConfigurationIsVisible = 0;
			defaultConfigurationName = Release;
		};
/* End XCConfigurationList section */
	};
	rootObject = CFA9E4D829BFE2350040CFBA /* Project object */;
}
